
Microsoft Visual Studio Solution File, Format Version 10.00
# Visual Studio 2008
Project("{2150E333-8FDC-42A3-9474-1A3956D46DE8}") = "Books", "Books", "{A5BD6BDC-C86E-4CB8-8728-53E53E5CB0AB}"
EndProject
Project("{2150E333-8FDC-42A3-9474-1A3956D46DE8}") = "Pro csharp 2008 and .net 3.5", "Pro csharp 2008 and .net 3.5", "{20B125F3-5C02-44DB-826D-56F6DD4FE7AE}"
EndProject
Project("{FAE04EC0-301F-11D3-BF4B-00C04F79EFBC}") = "FunWithStructure", "books\pro.csharp.2008\FunWithStructure\FunWithStructure.csproj", "{4CD25902-0E33-4DFF-B3DC-37F4F3EE7AE3}"
EndProject
Project("{FAE04EC0-301F-11D3-BF4B-00C04F79EFBC}") = "FunWithValueAndRefType", "books\pro.csharp.2008\FunWithValueAndRefType\FunWithValueAndRefType.csproj", "{BEB52F2D-B102-4579-AFFF-A4ECD82CCF7B}"
EndProject
Project("{FAE04EC0-301F-11D3-BF4B-00C04F79EFBC}") = "Chapter5", "books\pro.csharp.2008\Chapter5\Chapter5.csproj", "{57A2BC4E-5BAE-4426-8C03-4C0E6E4809E7}"
EndProject
Project("{FAE04EC0-301F-11D3-BF4B-00C04F79EFBC}") = "Chapter6", "books\pro.csharp.2008\Chapter6\Chapter6.csproj", "{BEC31378-91FF-48D3-A070-29BCCD0D54EA}"
EndProject
Project("{FAE04EC0-301F-11D3-BF4B-00C04F79EFBC}") = "Chapter7", "books\pro.csharp.2008\Chapter7\Chapter7.csproj", "{94860D5D-3A33-4EE1-8598-7E670C535EA8}"
EndProject
Project("{FAE04EC0-301F-11D3-BF4B-00C04F79EFBC}") = "Part2", "books\pro.csharp.2008\Part1\Part2.csproj", "{560C4F0C-D912-4DC2-BE80-9E52547E6C24}"
EndProject
Project("{2150E333-8FDC-42A3-9474-1A3956D46DE8}") = "Programming .Net Components", "Programming .Net Components", "{811EB146-11F0-4288-91F6-60FCDE067026}"
EndProject
Project("{FAE04EC0-301F-11D3-BF4B-00C04F79EFBC}") = "ProgrammingDotNetComponents", "books\programming dotnet components\ProgrammingDotNetComponents\ProgrammingDotNetComponents.csproj", "{BACD964A-10EE-4A11-8A6F-4F8FE094FF31}"
EndProject
Project("{FAE04EC0-301F-11D3-BF4B-00C04F79EFBC}") = "StrongName", "books\programming dotnet components\StrongName\StrongName.csproj", "{362B683D-6972-4CBA-B55B-00632778706C}"
EndProject
Project("{2150E333-8FDC-42A3-9474-1A3956D46DE8}") = "BeautyOfProgramming", "BeautyOfProgramming", "{0673CF96-3804-4ABC-A311-19F51810B049}"
EndProject
Project("{FAE04EC0-301F-11D3-BF4B-00C04F79EFBC}") = "ChapterOne", "books\BOP\ChapterOne\ChapterOne.csproj", "{BC35F9B3-72A5-4981-A6AB-CB0B1D1ED61F}"
EndProject
Project("{2150E333-8FDC-42A3-9474-1A3956D46DE8}") = "Learning and Tests", "Learning and Tests", "{F3AD83B3-0AFB-4FA5-8AE9-F433D71273B4}"
EndProject
Project("{FAE04EC0-301F-11D3-BF4B-00C04F79EFBC}") = "DesignPatterns", "L&T\DesignPatterns\DesignPatterns.csproj", "{357AB8E9-A8A6-4212-ADDB-EFC3D3DB2DFF}"
EndProject
Project("{FAE04EC0-301F-11D3-BF4B-00C04F79EFBC}") = "Tests", "L&T\Tests\Tests.csproj", "{6FF767EC-9A2D-4A39-ACA8-D09CD3134C09}"
EndProject
Project("{FAE04EC0-301F-11D3-BF4B-00C04F79EFBC}") = "DataStructure", "L&T\DataStructure\DataStructure.csproj", "{BF8D0067-ABC9-4B07-8DBA-A4F87246B25C}"
EndProject
Project("{FAE04EC0-301F-11D3-BF4B-00C04F79EFBC}") = "WindbgExample", "L&T\Windbg\WindbgExample.csproj", "{43E85E3D-B92C-4117-B2F2-8AFDA7AA68DB}"
EndProject
Project("{FAE04EC0-301F-11D3-BF4B-00C04F79EFBC}") = "WindbgLibrary", "L&T\WindbgLibrary\WindbgLibrary.csproj", "{E36A36E5-FA95-466D-9E8A-10DB47BDACDC}"
EndProject
Project("{FAE04EC0-301F-11D3-BF4B-00C04F79EFBC}") = "Socket", "L&T\Socket\Socket.csproj", "{63DAE779-C75A-4AE3-B0D0-8AF819B03901}"
EndProject
Project("{FAE04EC0-301F-11D3-BF4B-00C04F79EFBC}") = "BlogExport", "L&T\BlogExport\BlogExport.csproj", "{77A3AA21-7250-46FF-8FC1-4F46EFDF6111}"
EndProject
Project("{FAE04EC0-301F-11D3-BF4B-00C04F79EFBC}") = "ThreadTest", "L&T\ThreadTest\ThreadTest.csproj", "{0481C71B-67B5-45D1-BBBB-58D347EF4D8E}"
EndProject
Project("{FAE04EC0-301F-11D3-BF4B-00C04F79EFBC}") = "TestsLib", "L&T\TestsLib\TestsLib.csproj", "{15862C28-429D-4451-9329-55FC55F383AF}"
EndProject
Project("{2150E333-8FDC-42A3-9474-1A3956D46DE8}") = "Learning Projects", "Learning Projects", "{3F7C28C7-DA04-41D5-A5E4-D106F5A809D2}"
EndProject
Project("{FAE04EC0-301F-11D3-BF4B-00C04F79EFBC}") = "AtomToRss", "LP\AtomToRss\AtomToRss.csproj", "{2A5589F4-1FFE-496E-81B0-B3D08678417C}"
EndProject
Project("{2150E333-8FDC-42A3-9474-1A3956D46DE8}") = "SMPP", "SMPP", "{CC8E3AC8-6455-47B1-B7A7-89B6B453F51D}"
EndProject
Project("{FAE04EC0-301F-11D3-BF4B-00C04F79EFBC}") = "SMPPLibrary", "SMPP\SMPPLibrary.csproj", "{B01DC298-698B-449C-AF29-E175D7944427}"
EndProject
Project("{FAE04EC0-301F-11D3-BF4B-00C04F79EFBC}") = "SMSC", "SMPP\SMSC\SMSC.csproj", "{6F23AC49-CC81-4250-9DA9-88449BF6050B}"
EndProject
Project("{FAE04EC0-301F-11D3-BF4B-00C04F79EFBC}") = "ESME", "SMPP\ESME\ESME.csproj", "{D4E0A3BF-7661-4DFC-934C-DAEA0FFB85D4}"
EndProject
Project("{FAE04EC0-301F-11D3-BF4B-00C04F79EFBC}") = "SMPPLib", "SMPP\SMPPLib\SMPPLib.csproj", "{3EA5009C-19C7-4D8F-B112-1390FE0B332F}"
EndProject
Project("{FAE04EC0-301F-11D3-BF4B-00C04F79EFBC}") = "Common", "L&T\Common\Common.csproj", "{9D936D3D-9CF4-4E1B-8C29-6BA8D2AA2DE3}"
EndProject
Project("{FAE04EC0-301F-11D3-BF4B-00C04F79EFBC}") = "DisCache", "DisCache\DisCache.csproj", "{FC4C84B5-B717-42B6-B88B-63EA85A8080D}"
EndProject
Project("{FAE04EC0-301F-11D3-BF4B-00C04F79EFBC}") = "HttpParser", "HttpParser\HttpParser.csproj", "{7AFFF75B-3914-4A8F-852B-95084F23A818}"
EndProject
Global
	GlobalSection(SolutionConfigurationPlatforms) = preSolution
		Debug|.NET = Debug|.NET
		Debug|Any CPU = Debug|Any CPU
		Debug|Mixed Platforms = Debug|Mixed Platforms
		Release|.NET = Release|.NET
		Release|Any CPU = Release|Any CPU
		Release|Mixed Platforms = Release|Mixed Platforms
	EndGlobalSection
	GlobalSection(ProjectConfigurationPlatforms) = postSolution
		{4CD25902-0E33-4DFF-B3DC-37F4F3EE7AE3}.Debug|.NET.ActiveCfg = Debug|Any CPU
		{4CD25902-0E33-4DFF-B3DC-37F4F3EE7AE3}.Debug|Any CPU.ActiveCfg = Debug|Any CPU
		{4CD25902-0E33-4DFF-B3DC-37F4F3EE7AE3}.Debug|Any CPU.Build.0 = Debug|Any CPU
		{4CD25902-0E33-4DFF-B3DC-37F4F3EE7AE3}.Debug|Mixed Platforms.ActiveCfg = Debug|Any CPU
		{4CD25902-0E33-4DFF-B3DC-37F4F3EE7AE3}.Debug|Mixed Platforms.Build.0 = Debug|Any CPU
		{4CD25902-0E33-4DFF-B3DC-37F4F3EE7AE3}.Release|.NET.ActiveCfg = Release|Any CPU
		{4CD25902-0E33-4DFF-B3DC-37F4F3EE7AE3}.Release|Any CPU.ActiveCfg = Release|Any CPU
		{4CD25902-0E33-4DFF-B3DC-37F4F3EE7AE3}.Release|Any CPU.Build.0 = Release|Any CPU
		{4CD25902-0E33-4DFF-B3DC-37F4F3EE7AE3}.Release|Mixed Platforms.ActiveCfg = Release|Any CPU
		{4CD25902-0E33-4DFF-B3DC-37F4F3EE7AE3}.Release|Mixed Platforms.Build.0 = Release|Any CPU
		{BEB52F2D-B102-4579-AFFF-A4ECD82CCF7B}.Debug|.NET.ActiveCfg = Debug|Any CPU
		{BEB52F2D-B102-4579-AFFF-A4ECD82CCF7B}.Debug|Any CPU.ActiveCfg = Debug|Any CPU
		{BEB52F2D-B102-4579-AFFF-A4ECD82CCF7B}.Debug|Any CPU.Build.0 = Debug|Any CPU
		{BEB52F2D-B102-4579-AFFF-A4ECD82CCF7B}.Debug|Mixed Platforms.ActiveCfg = Debug|Any CPU
		{BEB52F2D-B102-4579-AFFF-A4ECD82CCF7B}.Debug|Mixed Platforms.Build.0 = Debug|Any CPU
		{BEB52F2D-B102-4579-AFFF-A4ECD82CCF7B}.Release|.NET.ActiveCfg = Release|Any CPU
		{BEB52F2D-B102-4579-AFFF-A4ECD82CCF7B}.Release|Any CPU.ActiveCfg = Release|Any CPU
		{BEB52F2D-B102-4579-AFFF-A4ECD82CCF7B}.Release|Any CPU.Build.0 = Release|Any CPU
		{BEB52F2D-B102-4579-AFFF-A4ECD82CCF7B}.Release|Mixed Platforms.ActiveCfg = Release|Any CPU
		{BEB52F2D-B102-4579-AFFF-A4ECD82CCF7B}.Release|Mixed Platforms.Build.0 = Release|Any CPU
		{57A2BC4E-5BAE-4426-8C03-4C0E6E4809E7}.Debug|.NET.ActiveCfg = Debug|Any CPU
		{57A2BC4E-5BAE-4426-8C03-4C0E6E4809E7}.Debug|Any CPU.ActiveCfg = Debug|Any CPU
		{57A2BC4E-5BAE-4426-8C03-4C0E6E4809E7}.Debug|Any CPU.Build.0 = Debug|Any CPU
		{57A2BC4E-5BAE-4426-8C03-4C0E6E4809E7}.Debug|Mixed Platforms.ActiveCfg = Debug|Any CPU
		{57A2BC4E-5BAE-4426-8C03-4C0E6E4809E7}.Debug|Mixed Platforms.Build.0 = Debug|Any CPU
		{57A2BC4E-5BAE-4426-8C03-4C0E6E4809E7}.Release|.NET.ActiveCfg = Release|Any CPU
		{57A2BC4E-5BAE-4426-8C03-4C0E6E4809E7}.Release|Any CPU.ActiveCfg = Release|Any CPU
		{57A2BC4E-5BAE-4426-8C03-4C0E6E4809E7}.Release|Any CPU.Build.0 = Release|Any CPU
		{57A2BC4E-5BAE-4426-8C03-4C0E6E4809E7}.Release|Mixed Platforms.ActiveCfg = Release|Any CPU
		{57A2BC4E-5BAE-4426-8C03-4C0E6E4809E7}.Release|Mixed Platforms.Build.0 = Release|Any CPU
		{BEC31378-91FF-48D3-A070-29BCCD0D54EA}.Debug|.NET.ActiveCfg = Debug|Any CPU
		{BEC31378-91FF-48D3-A070-29BCCD0D54EA}.Debug|Any CPU.ActiveCfg = Debug|Any CPU
		{BEC31378-91FF-48D3-A070-29BCCD0D54EA}.Debug|Any CPU.Build.0 = Debug|Any CPU
		{BEC31378-91FF-48D3-A070-29BCCD0D54EA}.Debug|Mixed Platforms.ActiveCfg = Debug|Any CPU
		{BEC31378-91FF-48D3-A070-29BCCD0D54EA}.Debug|Mixed Platforms.Build.0 = Debug|Any CPU
		{BEC31378-91FF-48D3-A070-29BCCD0D54EA}.Release|.NET.ActiveCfg = Release|Any CPU
		{BEC31378-91FF-48D3-A070-29BCCD0D54EA}.Release|Any CPU.ActiveCfg = Release|Any CPU
		{BEC31378-91FF-48D3-A070-29BCCD0D54EA}.Release|Any CPU.Build.0 = Release|Any CPU
		{BEC31378-91FF-48D3-A070-29BCCD0D54EA}.Release|Mixed Platforms.ActiveCfg = Release|Any CPU
		{BEC31378-91FF-48D3-A070-29BCCD0D54EA}.Release|Mixed Platforms.Build.0 = Release|Any CPU
		{94860D5D-3A33-4EE1-8598-7E670C535EA8}.Debug|.NET.ActiveCfg = Debug|Any CPU
		{94860D5D-3A33-4EE1-8598-7E670C535EA8}.Debug|Any CPU.ActiveCfg = Debug|Any CPU
		{94860D5D-3A33-4EE1-8598-7E670C535EA8}.Debug|Any CPU.Build.0 = Debug|Any CPU
		{94860D5D-3A33-4EE1-8598-7E670C535EA8}.Debug|Mixed Platforms.ActiveCfg = Debug|Any CPU
		{94860D5D-3A33-4EE1-8598-7E670C535EA8}.Debug|Mixed Platforms.Build.0 = Debug|Any CPU
		{94860D5D-3A33-4EE1-8598-7E670C535EA8}.Release|.NET.ActiveCfg = Release|Any CPU
		{94860D5D-3A33-4EE1-8598-7E670C535EA8}.Release|Any CPU.ActiveCfg = Release|Any CPU
		{94860D5D-3A33-4EE1-8598-7E670C535EA8}.Release|Any CPU.Build.0 = Release|Any CPU
		{94860D5D-3A33-4EE1-8598-7E670C535EA8}.Release|Mixed Platforms.ActiveCfg = Release|Any CPU
		{94860D5D-3A33-4EE1-8598-7E670C535EA8}.Release|Mixed Platforms.Build.0 = Release|Any CPU
		{560C4F0C-D912-4DC2-BE80-9E52547E6C24}.Debug|.NET.ActiveCfg = Debug|Any CPU
		{560C4F0C-D912-4DC2-BE80-9E52547E6C24}.Debug|Any CPU.ActiveCfg = Debug|Any CPU
		{560C4F0C-D912-4DC2-BE80-9E52547E6C24}.Debug|Any CPU.Build.0 = Debug|Any CPU
		{560C4F0C-D912-4DC2-BE80-9E52547E6C24}.Debug|Mixed Platforms.ActiveCfg = Debug|Any CPU
		{560C4F0C-D912-4DC2-BE80-9E52547E6C24}.Debug|Mixed Platforms.Build.0 = Debug|Any CPU
		{560C4F0C-D912-4DC2-BE80-9E52547E6C24}.Release|.NET.ActiveCfg = Release|Any CPU
		{560C4F0C-D912-4DC2-BE80-9E52547E6C24}.Release|Any CPU.ActiveCfg = Release|Any CPU
		{560C4F0C-D912-4DC2-BE80-9E52547E6C24}.Release|Any CPU.Build.0 = Release|Any CPU
		{560C4F0C-D912-4DC2-BE80-9E52547E6C24}.Release|Mixed Platforms.ActiveCfg = Release|Any CPU
		{560C4F0C-D912-4DC2-BE80-9E52547E6C24}.Release|Mixed Platforms.Build.0 = Release|Any CPU
		{BACD964A-10EE-4A11-8A6F-4F8FE094FF31}.Debug|.NET.ActiveCfg = Debug|Any CPU
		{BACD964A-10EE-4A11-8A6F-4F8FE094FF31}.Debug|Any CPU.ActiveCfg = Debug|Any CPU
		{BACD964A-10EE-4A11-8A6F-4F8FE094FF31}.Debug|Any CPU.Build.0 = Debug|Any CPU
		{BACD964A-10EE-4A11-8A6F-4F8FE094FF31}.Debug|Mixed Platforms.ActiveCfg = Debug|Any CPU
		{BACD964A-10EE-4A11-8A6F-4F8FE094FF31}.Debug|Mixed Platforms.Build.0 = Debug|Any CPU
		{BACD964A-10EE-4A11-8A6F-4F8FE094FF31}.Release|.NET.ActiveCfg = Release|Any CPU
		{BACD964A-10EE-4A11-8A6F-4F8FE094FF31}.Release|Any CPU.ActiveCfg = Release|Any CPU
		{BACD964A-10EE-4A11-8A6F-4F8FE094FF31}.Release|Any CPU.Build.0 = Release|Any CPU
		{BACD964A-10EE-4A11-8A6F-4F8FE094FF31}.Release|Mixed Platforms.ActiveCfg = Release|Any CPU
		{BACD964A-10EE-4A11-8A6F-4F8FE094FF31}.Release|Mixed Platforms.Build.0 = Release|Any CPU
		{362B683D-6972-4CBA-B55B-00632778706C}.Debug|.NET.ActiveCfg = Debug|Any CPU
		{362B683D-6972-4CBA-B55B-00632778706C}.Debug|Any CPU.ActiveCfg = Debug|Any CPU
		{362B683D-6972-4CBA-B55B-00632778706C}.Debug|Any CPU.Build.0 = Debug|Any CPU
		{362B683D-6972-4CBA-B55B-00632778706C}.Debug|Mixed Platforms.ActiveCfg = Debug|Any CPU
		{362B683D-6972-4CBA-B55B-00632778706C}.Debug|Mixed Platforms.Build.0 = Debug|Any CPU
		{362B683D-6972-4CBA-B55B-00632778706C}.Release|.NET.ActiveCfg = Release|Any CPU
		{362B683D-6972-4CBA-B55B-00632778706C}.Release|Any CPU.ActiveCfg = Release|Any CPU
		{362B683D-6972-4CBA-B55B-00632778706C}.Release|Any CPU.Build.0 = Release|Any CPU
		{362B683D-6972-4CBA-B55B-00632778706C}.Release|Mixed Platforms.ActiveCfg = Release|Any CPU
		{362B683D-6972-4CBA-B55B-00632778706C}.Release|Mixed Platforms.Build.0 = Release|Any CPU
		{BC35F9B3-72A5-4981-A6AB-CB0B1D1ED61F}.Debug|.NET.ActiveCfg = Debug|Any CPU
		{BC35F9B3-72A5-4981-A6AB-CB0B1D1ED61F}.Debug|Any CPU.ActiveCfg = Debug|Any CPU
		{BC35F9B3-72A5-4981-A6AB-CB0B1D1ED61F}.Debug|Any CPU.Build.0 = Debug|Any CPU
		{BC35F9B3-72A5-4981-A6AB-CB0B1D1ED61F}.Debug|Mixed Platforms.ActiveCfg = Debug|Any CPU
		{BC35F9B3-72A5-4981-A6AB-CB0B1D1ED61F}.Debug|Mixed Platforms.Build.0 = Debug|Any CPU
		{BC35F9B3-72A5-4981-A6AB-CB0B1D1ED61F}.Release|.NET.ActiveCfg = Release|Any CPU
		{BC35F9B3-72A5-4981-A6AB-CB0B1D1ED61F}.Release|Any CPU.ActiveCfg = Release|Any CPU
		{BC35F9B3-72A5-4981-A6AB-CB0B1D1ED61F}.Release|Any CPU.Build.0 = Release|Any CPU
		{BC35F9B3-72A5-4981-A6AB-CB0B1D1ED61F}.Release|Mixed Platforms.ActiveCfg = Release|Any CPU
		{BC35F9B3-72A5-4981-A6AB-CB0B1D1ED61F}.Release|Mixed Platforms.Build.0 = Release|Any CPU
		{357AB8E9-A8A6-4212-ADDB-EFC3D3DB2DFF}.Debug|.NET.ActiveCfg = Debug|Any CPU
		{357AB8E9-A8A6-4212-ADDB-EFC3D3DB2DFF}.Debug|Any CPU.ActiveCfg = Debug|Any CPU
		{357AB8E9-A8A6-4212-ADDB-EFC3D3DB2DFF}.Debug|Any CPU.Build.0 = Debug|Any CPU
		{357AB8E9-A8A6-4212-ADDB-EFC3D3DB2DFF}.Debug|Mixed Platforms.ActiveCfg = Debug|Any CPU
		{357AB8E9-A8A6-4212-ADDB-EFC3D3DB2DFF}.Debug|Mixed Platforms.Build.0 = Debug|Any CPU
		{357AB8E9-A8A6-4212-ADDB-EFC3D3DB2DFF}.Release|.NET.ActiveCfg = Release|Any CPU
		{357AB8E9-A8A6-4212-ADDB-EFC3D3DB2DFF}.Release|Any CPU.ActiveCfg = Release|Any CPU
		{357AB8E9-A8A6-4212-ADDB-EFC3D3DB2DFF}.Release|Any CPU.Build.0 = Release|Any CPU
		{357AB8E9-A8A6-4212-ADDB-EFC3D3DB2DFF}.Release|Mixed Platforms.ActiveCfg = Release|Any CPU
		{357AB8E9-A8A6-4212-ADDB-EFC3D3DB2DFF}.Release|Mixed Platforms.Build.0 = Release|Any CPU
		{6FF767EC-9A2D-4A39-ACA8-D09CD3134C09}.Debug|.NET.ActiveCfg = Debug|Any CPU
		{6FF767EC-9A2D-4A39-ACA8-D09CD3134C09}.Debug|Any CPU.ActiveCfg = Debug|Any CPU
		{6FF767EC-9A2D-4A39-ACA8-D09CD3134C09}.Debug|Any CPU.Build.0 = Debug|Any CPU
		{6FF767EC-9A2D-4A39-ACA8-D09CD3134C09}.Debug|Mixed Platforms.ActiveCfg = Debug|Any CPU
		{6FF767EC-9A2D-4A39-ACA8-D09CD3134C09}.Debug|Mixed Platforms.Build.0 = Debug|Any CPU
		{6FF767EC-9A2D-4A39-ACA8-D09CD3134C09}.Release|.NET.ActiveCfg = Release|Any CPU
		{6FF767EC-9A2D-4A39-ACA8-D09CD3134C09}.Release|Any CPU.ActiveCfg = Release|Any CPU
		{6FF767EC-9A2D-4A39-ACA8-D09CD3134C09}.Release|Any CPU.Build.0 = Release|Any CPU
		{6FF767EC-9A2D-4A39-ACA8-D09CD3134C09}.Release|Mixed Platforms.ActiveCfg = Release|Any CPU
		{6FF767EC-9A2D-4A39-ACA8-D09CD3134C09}.Release|Mixed Platforms.Build.0 = Release|Any CPU
		{BF8D0067-ABC9-4B07-8DBA-A4F87246B25C}.Debug|.NET.ActiveCfg = Debug|Any CPU
		{BF8D0067-ABC9-4B07-8DBA-A4F87246B25C}.Debug|Any CPU.ActiveCfg = Debug|Any CPU
		{BF8D0067-ABC9-4B07-8DBA-A4F87246B25C}.Debug|Any CPU.Build.0 = Debug|Any CPU
		{BF8D0067-ABC9-4B07-8DBA-A4F87246B25C}.Debug|Mixed Platforms.ActiveCfg = Debug|Any CPU
		{BF8D0067-ABC9-4B07-8DBA-A4F87246B25C}.Debug|Mixed Platforms.Build.0 = Debug|Any CPU
		{BF8D0067-ABC9-4B07-8DBA-A4F87246B25C}.Release|.NET.ActiveCfg = Release|Any CPU
		{BF8D0067-ABC9-4B07-8DBA-A4F87246B25C}.Release|Any CPU.ActiveCfg = Release|Any CPU
		{BF8D0067-ABC9-4B07-8DBA-A4F87246B25C}.Release|Any CPU.Build.0 = Release|Any CPU
		{BF8D0067-ABC9-4B07-8DBA-A4F87246B25C}.Release|Mixed Platforms.ActiveCfg = Release|Any CPU
		{BF8D0067-ABC9-4B07-8DBA-A4F87246B25C}.Release|Mixed Platforms.Build.0 = Release|Any CPU
		{43E85E3D-B92C-4117-B2F2-8AFDA7AA68DB}.Debug|.NET.ActiveCfg = Debug|Any CPU
		{43E85E3D-B92C-4117-B2F2-8AFDA7AA68DB}.Debug|Any CPU.ActiveCfg = Debug|Any CPU
		{43E85E3D-B92C-4117-B2F2-8AFDA7AA68DB}.Debug|Any CPU.Build.0 = Debug|Any CPU
		{43E85E3D-B92C-4117-B2F2-8AFDA7AA68DB}.Debug|Mixed Platforms.ActiveCfg = Debug|Any CPU
		{43E85E3D-B92C-4117-B2F2-8AFDA7AA68DB}.Debug|Mixed Platforms.Build.0 = Debug|Any CPU
		{43E85E3D-B92C-4117-B2F2-8AFDA7AA68DB}.Release|.NET.ActiveCfg = Release|Any CPU
		{43E85E3D-B92C-4117-B2F2-8AFDA7AA68DB}.Release|Any CPU.ActiveCfg = Release|Any CPU
		{43E85E3D-B92C-4117-B2F2-8AFDA7AA68DB}.Release|Any CPU.Build.0 = Release|Any CPU
		{43E85E3D-B92C-4117-B2F2-8AFDA7AA68DB}.Release|Mixed Platforms.ActiveCfg = Release|Any CPU
		{43E85E3D-B92C-4117-B2F2-8AFDA7AA68DB}.Release|Mixed Platforms.Build.0 = Release|Any CPU
		{E36A36E5-FA95-466D-9E8A-10DB47BDACDC}.Debug|.NET.ActiveCfg = Debug|Any CPU
		{E36A36E5-FA95-466D-9E8A-10DB47BDACDC}.Debug|Any CPU.ActiveCfg = Debug|Any CPU
		{E36A36E5-FA95-466D-9E8A-10DB47BDACDC}.Debug|Any CPU.Build.0 = Debug|Any CPU
		{E36A36E5-FA95-466D-9E8A-10DB47BDACDC}.Debug|Mixed Platforms.ActiveCfg = Debug|Any CPU
		{E36A36E5-FA95-466D-9E8A-10DB47BDACDC}.Debug|Mixed Platforms.Build.0 = Debug|Any CPU
		{E36A36E5-FA95-466D-9E8A-10DB47BDACDC}.Release|.NET.ActiveCfg = Release|Any CPU
		{E36A36E5-FA95-466D-9E8A-10DB47BDACDC}.Release|Any CPU.ActiveCfg = Release|Any CPU
		{E36A36E5-FA95-466D-9E8A-10DB47BDACDC}.Release|Any CPU.Build.0 = Release|Any CPU
		{E36A36E5-FA95-466D-9E8A-10DB47BDACDC}.Release|Mixed Platforms.ActiveCfg = Release|Any CPU
		{E36A36E5-FA95-466D-9E8A-10DB47BDACDC}.Release|Mixed Platforms.Build.0 = Release|Any CPU
		{63DAE779-C75A-4AE3-B0D0-8AF819B03901}.Debug|.NET.ActiveCfg = Debug|Any CPU
		{63DAE779-C75A-4AE3-B0D0-8AF819B03901}.Debug|Any CPU.ActiveCfg = Debug|Any CPU
		{63DAE779-C75A-4AE3-B0D0-8AF819B03901}.Debug|Any CPU.Build.0 = Debug|Any CPU
		{63DAE779-C75A-4AE3-B0D0-8AF819B03901}.Debug|Mixed Platforms.ActiveCfg = Debug|Any CPU
		{63DAE779-C75A-4AE3-B0D0-8AF819B03901}.Debug|Mixed Platforms.Build.0 = Debug|Any CPU
		{63DAE779-C75A-4AE3-B0D0-8AF819B03901}.Release|.NET.ActiveCfg = Release|Any CPU
		{63DAE779-C75A-4AE3-B0D0-8AF819B03901}.Release|Any CPU.ActiveCfg = Release|Any CPU
		{63DAE779-C75A-4AE3-B0D0-8AF819B03901}.Release|Any CPU.Build.0 = Release|Any CPU
		{63DAE779-C75A-4AE3-B0D0-8AF819B03901}.Release|Mixed Platforms.ActiveCfg = Release|Any CPU
		{63DAE779-C75A-4AE3-B0D0-8AF819B03901}.Release|Mixed Platforms.Build.0 = Release|Any CPU
		{77A3AA21-7250-46FF-8FC1-4F46EFDF6111}.Debug|.NET.ActiveCfg = Debug|Any CPU
		{77A3AA21-7250-46FF-8FC1-4F46EFDF6111}.Debug|Any CPU.ActiveCfg = Debug|Any CPU
		{77A3AA21-7250-46FF-8FC1-4F46EFDF6111}.Debug|Any CPU.Build.0 = Debug|Any CPU
		{77A3AA21-7250-46FF-8FC1-4F46EFDF6111}.Debug|Mixed Platforms.ActiveCfg = Debug|Any CPU
		{77A3AA21-7250-46FF-8FC1-4F46EFDF6111}.Debug|Mixed Platforms.Build.0 = Debug|Any CPU
		{77A3AA21-7250-46FF-8FC1-4F46EFDF6111}.Release|.NET.ActiveCfg = Release|Any CPU
		{77A3AA21-7250-46FF-8FC1-4F46EFDF6111}.Release|Any CPU.ActiveCfg = Release|Any CPU
		{77A3AA21-7250-46FF-8FC1-4F46EFDF6111}.Release|Any CPU.Build.0 = Release|Any CPU
		{77A3AA21-7250-46FF-8FC1-4F46EFDF6111}.Release|Mixed Platforms.ActiveCfg = Release|Any CPU
		{77A3AA21-7250-46FF-8FC1-4F46EFDF6111}.Release|Mixed Platforms.Build.0 = Release|Any CPU
		{0481C71B-67B5-45D1-BBBB-58D347EF4D8E}.Debug|.NET.ActiveCfg = Debug|Any CPU
		{0481C71B-67B5-45D1-BBBB-58D347EF4D8E}.Debug|Any CPU.ActiveCfg = Debug|Any CPU
		{0481C71B-67B5-45D1-BBBB-58D347EF4D8E}.Debug|Any CPU.Build.0 = Debug|Any CPU
		{0481C71B-67B5-45D1-BBBB-58D347EF4D8E}.Debug|Mixed Platforms.ActiveCfg = Debug|Any CPU
		{0481C71B-67B5-45D1-BBBB-58D347EF4D8E}.Debug|Mixed Platforms.Build.0 = Debug|Any CPU
		{0481C71B-67B5-45D1-BBBB-58D347EF4D8E}.Release|.NET.ActiveCfg = Release|Any CPU
		{0481C71B-67B5-45D1-BBBB-58D347EF4D8E}.Release|Any CPU.ActiveCfg = Release|Any CPU
		{0481C71B-67B5-45D1-BBBB-58D347EF4D8E}.Release|Any CPU.Build.0 = Release|Any CPU
		{0481C71B-67B5-45D1-BBBB-58D347EF4D8E}.Release|Mixed Platforms.ActiveCfg = Release|Any CPU
		{0481C71B-67B5-45D1-BBBB-58D347EF4D8E}.Release|Mixed Platforms.Build.0 = Release|Any CPU
		{15862C28-429D-4451-9329-55FC55F383AF}.Debug|.NET.ActiveCfg = Debug|Any CPU
		{15862C28-429D-4451-9329-55FC55F383AF}.Debug|Any CPU.ActiveCfg = Debug|Any CPU
		{15862C28-429D-4451-9329-55FC55F383AF}.Debug|Any CPU.Build.0 = Debug|Any CPU
		{15862C28-429D-4451-9329-55FC55F383AF}.Debug|Mixed Platforms.ActiveCfg = Debug|Any CPU
		{15862C28-429D-4451-9329-55FC55F383AF}.Debug|Mixed Platforms.Build.0 = Debug|Any CPU
		{15862C28-429D-4451-9329-55FC55F383AF}.Release|.NET.ActiveCfg = Release|Any CPU
		{15862C28-429D-4451-9329-55FC55F383AF}.Release|Any CPU.ActiveCfg = Release|Any CPU
		{15862C28-429D-4451-9329-55FC55F383AF}.Release|Any CPU.Build.0 = Release|Any CPU
		{15862C28-429D-4451-9329-55FC55F383AF}.Release|Mixed Platforms.ActiveCfg = Release|Any CPU
		{15862C28-429D-4451-9329-55FC55F383AF}.Release|Mixed Platforms.Build.0 = Release|Any CPU
		{2A5589F4-1FFE-496E-81B0-B3D08678417C}.Debug|.NET.ActiveCfg = Debug|Any CPU
		{2A5589F4-1FFE-496E-81B0-B3D08678417C}.Debug|Any CPU.ActiveCfg = Debug|Any CPU
		{2A5589F4-1FFE-496E-81B0-B3D08678417C}.Debug|Any CPU.Build.0 = Debug|Any CPU
		{2A5589F4-1FFE-496E-81B0-B3D08678417C}.Debug|Mixed Platforms.ActiveCfg = Debug|Any CPU
		{2A5589F4-1FFE-496E-81B0-B3D08678417C}.Debug|Mixed Platforms.Build.0 = Debug|Any CPU
		{2A5589F4-1FFE-496E-81B0-B3D08678417C}.Release|.NET.ActiveCfg = Release|Any CPU
		{2A5589F4-1FFE-496E-81B0-B3D08678417C}.Release|Any CPU.ActiveCfg = Release|Any CPU
		{2A5589F4-1FFE-496E-81B0-B3D08678417C}.Release|Any CPU.Build.0 = Release|Any CPU
		{2A5589F4-1FFE-496E-81B0-B3D08678417C}.Release|Mixed Platforms.ActiveCfg = Release|Any CPU
		{2A5589F4-1FFE-496E-81B0-B3D08678417C}.Release|Mixed Platforms.Build.0 = Release|Any CPU
		{B01DC298-698B-449C-AF29-E175D7944427}.Debug|.NET.ActiveCfg = Debug|Any CPU
		{B01DC298-698B-449C-AF29-E175D7944427}.Debug|.NET.Build.0 = Debug|Any CPU
		{B01DC298-698B-449C-AF29-E175D7944427}.Debug|Any CPU.ActiveCfg = Debug|Any CPU
		{B01DC298-698B-449C-AF29-E175D7944427}.Debug|Any CPU.Build.0 = Debug|Any CPU
		{B01DC298-698B-449C-AF29-E175D7944427}.Debug|Mixed Platforms.ActiveCfg = Debug|Mixed Platforms
		{B01DC298-698B-449C-AF29-E175D7944427}.Debug|Mixed Platforms.Build.0 = Debug|Mixed Platforms
		{B01DC298-698B-449C-AF29-E175D7944427}.Release|.NET.ActiveCfg = Release|Any CPU
		{B01DC298-698B-449C-AF29-E175D7944427}.Release|.NET.Build.0 = Release|Any CPU
		{B01DC298-698B-449C-AF29-E175D7944427}.Release|Any CPU.ActiveCfg = Release|Any CPU
		{B01DC298-698B-449C-AF29-E175D7944427}.Release|Any CPU.Build.0 = Release|Any CPU
		{B01DC298-698B-449C-AF29-E175D7944427}.Release|Mixed Platforms.ActiveCfg = Release|Mixed Platforms
		{B01DC298-698B-449C-AF29-E175D7944427}.Release|Mixed Platforms.Build.0 = Release|Mixed Platforms
		{6F23AC49-CC81-4250-9DA9-88449BF6050B}.Debug|.NET.ActiveCfg = Debug|Any CPU
		{6F23AC49-CC81-4250-9DA9-88449BF6050B}.Debug|.NET.Build.0 = Debug|Any CPU
		{6F23AC49-CC81-4250-9DA9-88449BF6050B}.Debug|Any CPU.ActiveCfg = Debug|Any CPU
		{6F23AC49-CC81-4250-9DA9-88449BF6050B}.Debug|Any CPU.Build.0 = Debug|Any CPU
		{6F23AC49-CC81-4250-9DA9-88449BF6050B}.Debug|Mixed Platforms.ActiveCfg = Debug|Mixed Platforms
		{6F23AC49-CC81-4250-9DA9-88449BF6050B}.Debug|Mixed Platforms.Build.0 = Debug|Mixed Platforms
		{6F23AC49-CC81-4250-9DA9-88449BF6050B}.Release|.NET.ActiveCfg = Release|Any CPU
		{6F23AC49-CC81-4250-9DA9-88449BF6050B}.Release|.NET.Build.0 = Release|Any CPU
		{6F23AC49-CC81-4250-9DA9-88449BF6050B}.Release|Any CPU.ActiveCfg = Release|Any CPU
		{6F23AC49-CC81-4250-9DA9-88449BF6050B}.Release|Any CPU.Build.0 = Release|Any CPU
		{6F23AC49-CC81-4250-9DA9-88449BF6050B}.Release|Mixed Platforms.ActiveCfg = Release|Mixed Platforms
		{6F23AC49-CC81-4250-9DA9-88449BF6050B}.Release|Mixed Platforms.Build.0 = Release|Mixed Platforms
		{D4E0A3BF-7661-4DFC-934C-DAEA0FFB85D4}.Debug|.NET.ActiveCfg = Debug|Any CPU
		{D4E0A3BF-7661-4DFC-934C-DAEA0FFB85D4}.Debug|.NET.Build.0 = Debug|Any CPU
		{D4E0A3BF-7661-4DFC-934C-DAEA0FFB85D4}.Debug|Any CPU.ActiveCfg = Debug|Any CPU
		{D4E0A3BF-7661-4DFC-934C-DAEA0FFB85D4}.Debug|Any CPU.Build.0 = Debug|Any CPU
		{D4E0A3BF-7661-4DFC-934C-DAEA0FFB85D4}.Debug|Mixed Platforms.ActiveCfg = Debug|Mixed Platforms
		{D4E0A3BF-7661-4DFC-934C-DAEA0FFB85D4}.Debug|Mixed Platforms.Build.0 = Debug|Mixed Platforms
		{D4E0A3BF-7661-4DFC-934C-DAEA0FFB85D4}.Release|.NET.ActiveCfg = Release|Any CPU
		{D4E0A3BF-7661-4DFC-934C-DAEA0FFB85D4}.Release|.NET.Build.0 = Release|Any CPU
		{D4E0A3BF-7661-4DFC-934C-DAEA0FFB85D4}.Release|Any CPU.ActiveCfg = Release|Any CPU
		{D4E0A3BF-7661-4DFC-934C-DAEA0FFB85D4}.Release|Any CPU.Build.0 = Release|Any CPU
		{D4E0A3BF-7661-4DFC-934C-DAEA0FFB85D4}.Release|Mixed Platforms.ActiveCfg = Release|Mixed Platforms
		{D4E0A3BF-7661-4DFC-934C-DAEA0FFB85D4}.Release|Mixed Platforms.Build.0 = Release|Mixed Platforms
		{3EA5009C-19C7-4D8F-B112-1390FE0B332F}.Debug|.NET.ActiveCfg = Debug|Any CPU
		{3EA5009C-19C7-4D8F-B112-1390FE0B332F}.Debug|.NET.Build.0 = Debug|Any CPU
		{3EA5009C-19C7-4D8F-B112-1390FE0B332F}.Debug|Any CPU.ActiveCfg = Debug|Any CPU
		{3EA5009C-19C7-4D8F-B112-1390FE0B332F}.Debug|Any CPU.Build.0 = Debug|Any CPU
		{3EA5009C-19C7-4D8F-B112-1390FE0B332F}.Debug|Mixed Platforms.ActiveCfg = Debug|Mixed Platforms
		{3EA5009C-19C7-4D8F-B112-1390FE0B332F}.Debug|Mixed Platforms.Build.0 = Debug|Mixed Platforms
		{3EA5009C-19C7-4D8F-B112-1390FE0B332F}.Release|.NET.ActiveCfg = Release|Any CPU
		{3EA5009C-19C7-4D8F-B112-1390FE0B332F}.Release|.NET.Build.0 = Release|Any CPU
		{3EA5009C-19C7-4D8F-B112-1390FE0B332F}.Release|Any CPU.ActiveCfg = Release|Any CPU
		{3EA5009C-19C7-4D8F-B112-1390FE0B332F}.Release|Any CPU.Build.0 = Release|Any CPU
		{3EA5009C-19C7-4D8F-B112-1390FE0B332F}.Release|Mixed Platforms.ActiveCfg = Release|Mixed Platforms
		{3EA5009C-19C7-4D8F-B112-1390FE0B332F}.Release|Mixed Platforms.Build.0 = Release|Mixed Platforms
		{9D936D3D-9CF4-4E1B-8C29-6BA8D2AA2DE3}.Debug|.NET.ActiveCfg = Debug|Any CPU
		{9D936D3D-9CF4-4E1B-8C29-6BA8D2AA2DE3}.Debug|Any CPU.ActiveCfg = Debug|Any CPU
		{9D936D3D-9CF4-4E1B-8C29-6BA8D2AA2DE3}.Debug|Any CPU.Build.0 = Debug|Any CPU
		{9D936D3D-9CF4-4E1B-8C29-6BA8D2AA2DE3}.Debug|Mixed Platforms.ActiveCfg = Debug|Any CPU
		{9D936D3D-9CF4-4E1B-8C29-6BA8D2AA2DE3}.Debug|Mixed Platforms.Build.0 = Debug|Any CPU
		{9D936D3D-9CF4-4E1B-8C29-6BA8D2AA2DE3}.Release|.NET.ActiveCfg = Release|Any CPU
		{9D936D3D-9CF4-4E1B-8C29-6BA8D2AA2DE3}.Release|Any CPU.ActiveCfg = Release|Any CPU
		{9D936D3D-9CF4-4E1B-8C29-6BA8D2AA2DE3}.Release|Any CPU.Build.0 = Release|Any CPU
		{9D936D3D-9CF4-4E1B-8C29-6BA8D2AA2DE3}.Release|Mixed Platforms.ActiveCfg = Release|Any CPU
		{9D936D3D-9CF4-4E1B-8C29-6BA8D2AA2DE3}.Release|Mixed Platforms.Build.0 = Release|Any CPU
		{FC4C84B5-B717-42B6-B88B-63EA85A8080D}.Debug|.NET.ActiveCfg = Debug|Any CPU
		{FC4C84B5-B717-42B6-B88B-63EA85A8080D}.Debug|Any CPU.ActiveCfg = Debug|Any CPU
		{FC4C84B5-B717-42B6-B88B-63EA85A8080D}.Debug|Any CPU.Build.0 = Debug|Any CPU
		{FC4C84B5-B717-42B6-B88B-63EA85A8080D}.Debug|Mixed Platforms.ActiveCfg = Debug|Any CPU
		{FC4C84B5-B717-42B6-B88B-63EA85A8080D}.Debug|Mixed Platforms.Build.0 = Debug|Any CPU
		{FC4C84B5-B717-42B6-B88B-63EA85A8080D}.Release|.NET.ActiveCfg = Release|Any CPU
		{FC4C84B5-B717-42B6-B88B-63EA85A8080D}.Release|Any CPU.ActiveCfg = Release|Any CPU
		{FC4C84B5-B717-42B6-B88B-63EA85A8080D}.Release|Any CPU.Build.0 = Release|Any CPU
		{FC4C84B5-B717-42B6-B88B-63EA85A8080D}.Release|Mixed Platforms.ActiveCfg = Release|Any CPU
		{FC4C84B5-B717-42B6-B88B-63EA85A8080D}.Release|Mixed Platforms.Build.0 = Release|Any CPU
		{7AFFF75B-3914-4A8F-852B-95084F23A818}.Debug|.NET.ActiveCfg = Debug|Any CPU
		{7AFFF75B-3914-4A8F-852B-95084F23A818}.Debug|Any CPU.ActiveCfg = Debug|Any CPU
		{7AFFF75B-3914-4A8F-852B-95084F23A818}.Debug|Any CPU.Build.0 = Debug|Any CPU
		{7AFFF75B-3914-4A8F-852B-95084F23A818}.Debug|Mixed Platforms.ActiveCfg = Debug|Any CPU
		{7AFFF75B-3914-4A8F-852B-95084F23A818}.Debug|Mixed Platforms.Build.0 = Debug|Any CPU
		{7AFFF75B-3914-4A8F-852B-95084F23A818}.Release|.NET.ActiveCfg = Release|Any CPU
		{7AFFF75B-3914-4A8F-852B-95084F23A818}.Release|Any CPU.ActiveCfg = Release|Any CPU
		{7AFFF75B-3914-4A8F-852B-95084F23A818}.Release|Any CPU.Build.0 = Release|Any CPU
		{7AFFF75B-3914-4A8F-852B-95084F23A818}.Release|Mixed Platforms.ActiveCfg = Release|Any CPU
		{7AFFF75B-3914-4A8F-852B-95084F23A818}.Release|Mixed Platforms.Build.0 = Release|Any CPU
	EndGlobalSection
	GlobalSection(SolutionProperties) = preSolution
		HideSolutionNode = FALSE
	EndGlobalSection
	GlobalSection(NestedProjects) = preSolution
		{20B125F3-5C02-44DB-826D-56F6DD4FE7AE} = {A5BD6BDC-C86E-4CB8-8728-53E53E5CB0AB}
		{811EB146-11F0-4288-91F6-60FCDE067026} = {A5BD6BDC-C86E-4CB8-8728-53E53E5CB0AB}
		{0673CF96-3804-4ABC-A311-19F51810B049} = {A5BD6BDC-C86E-4CB8-8728-53E53E5CB0AB}
		{4CD25902-0E33-4DFF-B3DC-37F4F3EE7AE3} = {20B125F3-5C02-44DB-826D-56F6DD4FE7AE}
		{BEB52F2D-B102-4579-AFFF-A4ECD82CCF7B} = {20B125F3-5C02-44DB-826D-56F6DD4FE7AE}
		{57A2BC4E-5BAE-4426-8C03-4C0E6E4809E7} = {20B125F3-5C02-44DB-826D-56F6DD4FE7AE}
		{BEC31378-91FF-48D3-A070-29BCCD0D54EA} = {20B125F3-5C02-44DB-826D-56F6DD4FE7AE}
		{94860D5D-3A33-4EE1-8598-7E670C535EA8} = {20B125F3-5C02-44DB-826D-56F6DD4FE7AE}
		{560C4F0C-D912-4DC2-BE80-9E52547E6C24} = {20B125F3-5C02-44DB-826D-56F6DD4FE7AE}
		{BACD964A-10EE-4A11-8A6F-4F8FE094FF31} = {811EB146-11F0-4288-91F6-60FCDE067026}
		{362B683D-6972-4CBA-B55B-00632778706C} = {811EB146-11F0-4288-91F6-60FCDE067026}
		{BC35F9B3-72A5-4981-A6AB-CB0B1D1ED61F} = {0673CF96-3804-4ABC-A311-19F51810B049}
		{357AB8E9-A8A6-4212-ADDB-EFC3D3DB2DFF} = {F3AD83B3-0AFB-4FA5-8AE9-F433D71273B4}
		{6FF767EC-9A2D-4A39-ACA8-D09CD3134C09} = {F3AD83B3-0AFB-4FA5-8AE9-F433D71273B4}
		{BF8D0067-ABC9-4B07-8DBA-A4F87246B25C} = {F3AD83B3-0AFB-4FA5-8AE9-F433D71273B4}
		{43E85E3D-B92C-4117-B2F2-8AFDA7AA68DB} = {F3AD83B3-0AFB-4FA5-8AE9-F433D71273B4}
		{E36A36E5-FA95-466D-9E8A-10DB47BDACDC} = {F3AD83B3-0AFB-4FA5-8AE9-F433D71273B4}
		{63DAE779-C75A-4AE3-B0D0-8AF819B03901} = {F3AD83B3-0AFB-4FA5-8AE9-F433D71273B4}
		{77A3AA21-7250-46FF-8FC1-4F46EFDF6111} = {F3AD83B3-0AFB-4FA5-8AE9-F433D71273B4}
		{0481C71B-67B5-45D1-BBBB-58D347EF4D8E} = {F3AD83B3-0AFB-4FA5-8AE9-F433D71273B4}
		{15862C28-429D-4451-9329-55FC55F383AF} = {F3AD83B3-0AFB-4FA5-8AE9-F433D71273B4}
		{9D936D3D-9CF4-4E1B-8C29-6BA8D2AA2DE3} = {F3AD83B3-0AFB-4FA5-8AE9-F433D71273B4}
		{7AFFF75B-3914-4A8F-852B-95084F23A818} = {F3AD83B3-0AFB-4FA5-8AE9-F433D71273B4}
		{2A5589F4-1FFE-496E-81B0-B3D08678417C} = {3F7C28C7-DA04-41D5-A5E4-D106F5A809D2}
		{CC8E3AC8-6455-47B1-B7A7-89B6B453F51D} = {3F7C28C7-DA04-41D5-A5E4-D106F5A809D2}
		{FC4C84B5-B717-42B6-B88B-63EA85A8080D} = {3F7C28C7-DA04-41D5-A5E4-D106F5A809D2}
		{B01DC298-698B-449C-AF29-E175D7944427} = {CC8E3AC8-6455-47B1-B7A7-89B6B453F51D}
		{6F23AC49-CC81-4250-9DA9-88449BF6050B} = {CC8E3AC8-6455-47B1-B7A7-89B6B453F51D}
		{D4E0A3BF-7661-4DFC-934C-DAEA0FFB85D4} = {CC8E3AC8-6455-47B1-B7A7-89B6B453F51D}
		{3EA5009C-19C7-4D8F-B112-1390FE0B332F} = {CC8E3AC8-6455-47B1-B7A7-89B6B453F51D}
	EndGlobalSection
	GlobalSection(MonoDevelopProperties) = preSolution
		version = 0.1
		StartupItem = books\pro.csharp.2008\FunWithStructure\FunWithStructure.csproj
	EndGlobalSection
EndGlobal
